// !$*UTF8*$!
{
	archiveVersion = 1;
	classes = {
	};
	objectVersion = 55;
	objects = {

/* Begin PBXBuildFile section */
		4732373071E2479869FC9491 /* Pods_SnapChat.framework in Frameworks */ = {isa = PBXBuildFile; fileRef = 47BC55852586C71AB827B723 /* Pods_SnapChat.framework */; };
		E061E5FE2A3A1F7D004B6B00 /* Snap.swift in Sources */ = {isa = PBXBuildFile; fileRef = E061E5FD2A3A1F7D004B6B00 /* Snap.swift */; };
		E061E6002A3A248C004B6B00 /* VerSnapViewController.swift in Sources */ = {isa = PBXBuildFile; fileRef = E061E5FF2A3A248C004B6B00 /* VerSnapViewController.swift */; };
		E0818EE02A27A07A00103289 /* AppDelegate.swift in Sources */ = {isa = PBXBuildFile; fileRef = E0818EDF2A27A07A00103289 /* AppDelegate.swift */; };
		E0818EE22A27A07A00103289 /* SceneDelegate.swift in Sources */ = {isa = PBXBuildFile; fileRef = E0818EE12A27A07A00103289 /* SceneDelegate.swift */; };
		E0818EE42A27A07A00103289 /* ViewController.swift in Sources */ = {isa = PBXBuildFile; fileRef = E0818EE32A27A07A00103289 /* ViewController.swift */; };
		E0818EE72A27A07A00103289 /* Main.storyboard in Resources */ = {isa = PBXBuildFile; fileRef = E0818EE52A27A07A00103289 /* Main.storyboard */; };
		E0818EE92A27A07E00103289 /* Assets.xcassets in Resources */ = {isa = PBXBuildFile; fileRef = E0818EE82A27A07E00103289 /* Assets.xcassets */; };
		E0818EEC2A27A07E00103289 /* LaunchScreen.storyboard in Resources */ = {isa = PBXBuildFile; fileRef = E0818EEA2A27A07E00103289 /* LaunchScreen.storyboard */; };
		E0818EF62A27B23000103289 /* GoogleService-Info.plist in Resources */ = {isa = PBXBuildFile; fileRef = E0818EF52A27B23000103289 /* GoogleService-Info.plist */; };
		E083CE2C2A30DF4900A2C94E /* SnapsViewController.swift in Sources */ = {isa = PBXBuildFile; fileRef = E083CE2B2A30DF4900A2C94E /* SnapsViewController.swift */; };
		E083CE322A30E57700A2C94E /* ImageViewController.swift in Sources */ = {isa = PBXBuildFile; fileRef = E083CE312A30E57700A2C94E /* ImageViewController.swift */; };
		E083CE342A30FCAB00A2C94E /* ElegirUsuarioViewController.swift in Sources */ = {isa = PBXBuildFile; fileRef = E083CE332A30FCAB00A2C94E /* ElegirUsuarioViewController.swift */; };
		E083CE382A30FFFB00A2C94E /* Usuario.swift in Sources */ = {isa = PBXBuildFile; fileRef = E083CE372A30FFFB00A2C94E /* Usuario.swift */; };
		E083CE3B2A31070800A2C94E /* CrearUsuarioViewController.swift in Sources */ = {isa = PBXBuildFile; fileRef = E083CE3A2A31070800A2C94E /* CrearUsuarioViewController.swift */; };
/* End PBXBuildFile section */

/* Begin PBXFileReference section */
		12633D2D687E15743731B6EC /* Pods-SnapChat.release.xcconfig */ = {isa = PBXFileReference; includeInIndex = 1; lastKnownFileType = text.xcconfig; name = "Pods-SnapChat.release.xcconfig"; path = "Target Support Files/Pods-SnapChat/Pods-SnapChat.release.xcconfig"; sourceTree = "<group>"; };
		47BC55852586C71AB827B723 /* Pods_SnapChat.framework */ = {isa = PBXFileReference; explicitFileType = wrapper.framework; includeInIndex = 0; path = Pods_SnapChat.framework; sourceTree = BUILT_PRODUCTS_DIR; };
		B402E474A4B5AA5912F13F8C /* Pods-SnapChat.debug.xcconfig */ = {isa = PBXFileReference; includeInIndex = 1; lastKnownFileType = text.xcconfig; name = "Pods-SnapChat.debug.xcconfig"; path = "Target Support Files/Pods-SnapChat/Pods-SnapChat.debug.xcconfig"; sourceTree = "<group>"; };
		E061E5FD2A3A1F7D004B6B00 /* Snap.swift */ = {isa = PBXFileReference; lastKnownFileType = sourcecode.swift; path = Snap.swift; sourceTree = "<group>"; };
		E061E5FF2A3A248C004B6B00 /* VerSnapViewController.swift */ = {isa = PBXFileReference; lastKnownFileType = sourcecode.swift; path = VerSnapViewController.swift; sourceTree = "<group>"; };
		E0818EDC2A27A07A00103289 /* SnapChat.app */ = {isa = PBXFileReference; explicitFileType = wrapper.application; includeInIndex = 0; path = SnapChat.app; sourceTree = BUILT_PRODUCTS_DIR; };
		E0818EDF2A27A07A00103289 /* AppDelegate.swift */ = {isa = PBXFileReference; lastKnownFileType = sourcecode.swift; path = AppDelegate.swift; sourceTree = "<group>"; };
		E0818EE12A27A07A00103289 /* SceneDelegate.swift */ = {isa = PBXFileReference; lastKnownFileType = sourcecode.swift; path = SceneDelegate.swift; sourceTree = "<group>"; };
		E0818EE32A27A07A00103289 /* ViewController.swift */ = {isa = PBXFileReference; lastKnownFileType = sourcecode.swift; path = ViewController.swift; sourceTree = "<group>"; };
		E0818EE62A27A07A00103289 /* Base */ = {isa = PBXFileReference; lastKnownFileType = file.storyboard; name = Base; path = Base.lproj/Main.storyboard; sourceTree = "<group>"; };
		E0818EE82A27A07E00103289 /* Assets.xcassets */ = {isa = PBXFileReference; lastKnownFileType = folder.assetcatalog; path = Assets.xcassets; sourceTree = "<group>"; };
		E0818EEB2A27A07E00103289 /* Base */ = {isa = PBXFileReference; lastKnownFileType = file.storyboard; name = Base; path = Base.lproj/LaunchScreen.storyboard; sourceTree = "<group>"; };
		E0818EED2A27A07E00103289 /* Info.plist */ = {isa = PBXFileReference; lastKnownFileType = text.plist.xml; path = Info.plist; sourceTree = "<group>"; };
		E0818EF52A27B23000103289 /* GoogleService-Info.plist */ = {isa = PBXFileReference; fileEncoding = 4; lastKnownFileType = text.plist.xml; path = "GoogleService-Info.plist"; sourceTree = "<group>"; };
		E083CE2B2A30DF4900A2C94E /* SnapsViewController.swift */ = {isa = PBXFileReference; lastKnownFileType = sourcecode.swift; path = SnapsViewController.swift; sourceTree = "<group>"; };
		E083CE312A30E57700A2C94E /* ImageViewController.swift */ = {isa = PBXFileReference; lastKnownFileType = sourcecode.swift; path = ImageViewController.swift; sourceTree = "<group>"; };
		E083CE332A30FCAB00A2C94E /* ElegirUsuarioViewController.swift */ = {isa = PBXFileReference; lastKnownFileType = sourcecode.swift; path = ElegirUsuarioViewController.swift; sourceTree = "<group>"; };
		E083CE372A30FFFB00A2C94E /* Usuario.swift */ = {isa = PBXFileReference; lastKnownFileType = sourcecode.swift; path = Usuario.swift; sourceTree = "<group>"; };
		E083CE3A2A31070800A2C94E /* CrearUsuarioViewController.swift */ = {isa = PBXFileReference; lastKnownFileType = sourcecode.swift; path = CrearUsuarioViewController.swift; sourceTree = "<group>"; };
/* End PBXFileReference section */

/* Begin PBXFrameworksBuildPhase section */
		E0818ED92A27A07A00103289 /* Frameworks */ = {
			isa = PBXFrameworksBuildPhase;
			buildActionMask = 2147483647;
			files = (
				4732373071E2479869FC9491 /* Pods_SnapChat.framework in Frameworks */,
			);
			runOnlyForDeploymentPostprocessing = 0;
		};
/* End PBXFrameworksBuildPhase section */

/* Begin PBXGroup section */
		4B6A58EF6F77BDD7D46293AA /* Pods */ = {
			isa = PBXGroup;
			children = (
				B402E474A4B5AA5912F13F8C /* Pods-SnapChat.debug.xcconfig */,
				12633D2D687E15743731B6EC /* Pods-SnapChat.release.xcconfig */,
			);
			path = Pods;
			sourceTree = "<group>";
		};
		A6876A0B8E9814790487B260 /* Frameworks */ = {
			isa = PBXGroup;
			children = (
				47BC55852586C71AB827B723 /* Pods_SnapChat.framework */,
			);
			name = Frameworks;
			sourceTree = "<group>";
		};
		E0818ED32A27A07A00103289 = {
			isa = PBXGroup;
			children = (
				E0818EDE2A27A07A00103289 /* SnapChat */,
				E0818EDD2A27A07A00103289 /* Products */,
				4B6A58EF6F77BDD7D46293AA /* Pods */,
				A6876A0B8E9814790487B260 /* Frameworks */,
			);
			sourceTree = "<group>";
		};
		E0818EDD2A27A07A00103289 /* Products */ = {
			isa = PBXGroup;
			children = (
				E0818EDC2A27A07A00103289 /* SnapChat.app */,
			);
			name = Products;
			sourceTree = "<group>";
		};
		E0818EDE2A27A07A00103289 /* SnapChat */ = {
			isa = PBXGroup;
			children = (
				E083CE362A30FFDF00A2C94E /* Modelos */,
				E083CE352A30FF9B00A2C94E /* ViewControllers */,
				E0818EF52A27B23000103289 /* GoogleService-Info.plist */,
				E0818EDF2A27A07A00103289 /* AppDelegate.swift */,
				E0818EE12A27A07A00103289 /* SceneDelegate.swift */,
				E0818EE52A27A07A00103289 /* Main.storyboard */,
				E0818EE82A27A07E00103289 /* Assets.xcassets */,
				E0818EEA2A27A07E00103289 /* LaunchScreen.storyboard */,
				E0818EED2A27A07E00103289 /* Info.plist */,
			);
			path = SnapChat;
			sourceTree = "<group>";
		};
		E083CE352A30FF9B00A2C94E /* ViewControllers */ = {
			isa = PBXGroup;
			children = (
				E083CE3A2A31070800A2C94E /* CrearUsuarioViewController.swift */,
				E083CE332A30FCAB00A2C94E /* ElegirUsuarioViewController.swift */,
				E0818EE32A27A07A00103289 /* ViewController.swift */,
				E083CE2B2A30DF4900A2C94E /* SnapsViewController.swift */,
				E083CE312A30E57700A2C94E /* ImageViewController.swift */,
				E061E5FF2A3A248C004B6B00 /* VerSnapViewController.swift */,
			);
			path = ViewControllers;
			sourceTree = "<group>";
		};
		E083CE362A30FFDF00A2C94E /* Modelos */ = {
			isa = PBXGroup;
			children = (
				E083CE372A30FFFB00A2C94E /* Usuario.swift */,
				E061E5FD2A3A1F7D004B6B00 /* Snap.swift */,
			);
			path = Modelos;
			sourceTree = "<group>";
		};
/* End PBXGroup section */

/* Begin PBXNativeTarget section */
		E0818EDB2A27A07A00103289 /* SnapChat */ = {
			isa = PBXNativeTarget;
			buildConfigurationList = E0818EF02A27A07E00103289 /* Build configuration list for PBXNativeTarget "SnapChat" */;
			buildPhases = (
				BD3DD5F7D5C5EC88628D3966 /* [CP] Check Pods Manifest.lock */,
				E0818ED82A27A07A00103289 /* Sources */,
				E0818ED92A27A07A00103289 /* Frameworks */,
				E0818EDA2A27A07A00103289 /* Resources */,
				E00EDE7412D1EA8C005284D7 /* [CP] Embed Pods Frameworks */,
			);
			buildRules = (
			);
			dependencies = (
			);
			name = SnapChat;
			packageProductDependencies = (
			);
			productName = SnapChat;
			productReference = E0818EDC2A27A07A00103289 /* SnapChat.app */;
			productType = "com.apple.product-type.application";
		};
/* End PBXNativeTarget section */

/* Begin PBXProject section */
		E0818ED42A27A07A00103289 /* Project object */ = {
			isa = PBXProject;
			attributes = {
				BuildIndependentTargetsInParallel = 1;
				LastSwiftUpdateCheck = 1330;
				LastUpgradeCheck = 1330;
				TargetAttributes = {
					E0818EDB2A27A07A00103289 = {
						CreatedOnToolsVersion = 13.3;
					};
				};
			};
			buildConfigurationList = E0818ED72A27A07A00103289 /* Build configuration list for PBXProject "SnapChat" */;
			compatibilityVersion = "Xcode 13.0";
			developmentRegion = en;
			hasScannedForEncodings = 0;
			knownRegions = (
				en,
				Base,
			);
			mainGroup = E0818ED32A27A07A00103289;
			packageReferences = (
			);
			productRefGroup = E0818EDD2A27A07A00103289 /* Products */;
			projectDirPath = "";
			projectRoot = "";
			targets = (
				E0818EDB2A27A07A00103289 /* SnapChat */,
			);
		};
/* End PBXProject section */

/* Begin PBXResourcesBuildPhase section */
		E0818EDA2A27A07A00103289 /* Resources */ = {
			isa = PBXResourcesBuildPhase;
			buildActionMask = 2147483647;
			files = (
				E0818EF62A27B23000103289 /* GoogleService-Info.plist in Resources */,
				E0818EEC2A27A07E00103289 /* LaunchScreen.storyboard in Resources */,
				E0818EE92A27A07E00103289 /* Assets.xcassets in Resources */,
				E0818EE72A27A07A00103289 /* Main.storyboard in Resources */,
			);
			runOnlyForDeploymentPostprocessing = 0;
		};
/* End PBXResourcesBuildPhase section */

/* Begin PBXShellScriptBuildPhase section */
		BD3DD5F7D5C5EC88628D3966 /* [CP] Check Pods Manifest.lock */ = {
			isa = PBXShellScriptBuildPhase;
			buildActionMask = 2147483647;
			files = (
			);
			inputFileListPaths = (
			);
			inputPaths = (
				"${PODS_PODFILE_DIR_PATH}/Podfile.lock",
				"${PODS_ROOT}/Manifest.lock",
			);
			name = "[CP] Check Pods Manifest.lock";
			outputFileListPaths = (
			);
			outputPaths = (
				"$(DERIVED_FILE_DIR)/Pods-SnapChat-checkManifestLockResult.txt",
			);
			runOnlyForDeploymentPostprocessing = 0;
			shellPath = /bin/sh;
			shellScript = "diff \"${PODS_PODFILE_DIR_PATH}/Podfile.lock\" \"${PODS_ROOT}/Manifest.lock\" > /dev/null\nif [ $? != 0 ] ; then\n    # print error to STDERR\n    echo \"error: The sandbox is not in sync with the Podfile.lock. Run 'pod install' or update your CocoaPods installation.\" >&2\n    exit 1\nfi\n# This output is used by Xcode 'outputs' to avoid re-running this script phase.\necho \"SUCCESS\" > \"${SCRIPT_OUTPUT_FILE_0}\"\n";
			showEnvVarsInLog = 0;
		};
		E00EDE7412D1EA8C005284D7 /* [CP] Embed Pods Frameworks */ = {
			isa = PBXShellScriptBuildPhase;
			buildActionMask = 2147483647;
			files = (
			);
			inputFileListPaths = (
				"${PODS_ROOT}/Target Support Files/Pods-SnapChat/Pods-SnapChat-frameworks-${CONFIGURATION}-input-files.xcfilelist",
			);
			name = "[CP] Embed Pods Frameworks";
			outputFileListPaths = (
				"${PODS_ROOT}/Target Support Files/Pods-SnapChat/Pods-SnapChat-frameworks-${CONFIGURATION}-output-files.xcfilelist",
			);
			runOnlyForDeploymentPostprocessing = 0;
			shellPath = /bin/sh;
			shellScript = "\"${PODS_ROOT}/Target Support Files/Pods-SnapChat/Pods-SnapChat-frameworks.sh\"\n";
			showEnvVarsInLog = 0;
		};
/* End PBXShellScriptBuildPhase section */

/* Begin PBXSourcesBuildPhase section */
		E0818ED82A27A07A00103289 /* Sources */ = {
			isa = PBXSourcesBuildPhase;
			buildActionMask = 2147483647;
			files = (
				E083CE2C2A30DF4900A2C94E /* SnapsViewController.swift in Sources */,
				E0818EE42A27A07A00103289 /* ViewController.swift in Sources */,
				E061E5FE2A3A1F7D004B6B00 /* Snap.swift in Sources */,
				E083CE382A30FFFB00A2C94E /* Usuario.swift in Sources */,
				E061E6002A3A248C004B6B00 /* VerSnapViewController.swift in Sources */,
				E083CE322A30E57700A2C94E /* ImageViewController.swift in Sources */,
				E0818EE02A27A07A00103289 /* AppDelegate.swift in Sources */,
				E0818EE22A27A07A00103289 /* SceneDelegate.swift in Sources */,
				E083CE3B2A31070800A2C94E /* CrearUsuarioViewController.swift in Sources */,
				E083CE342A30FCAB00A2C94E /* ElegirUsuarioViewController.swift in Sources */,
			);
			runOnlyForDeploymentPostprocessing = 0;
		};
/* End PBXSourcesBuildPhase section */

/* Begin PBXVariantGroup section */
		E0818EE52A27A07A00103289 /* Main.storyboard */ = {
			isa = PBXVariantGroup;
			children = (
				E0818EE62A27A07A00103289 /* Base */,
			);
			name = Main.storyboard;
			sourceTree = "<group>";
		};
		E0818EEA2A27A07E00103289 /* LaunchScreen.storyboard */ = {
			isa = PBXVariantGroup;
			children = (
				E0818EEB2A27A07E00103289 /* Base */,
			);
			name = LaunchScreen.storyboard;
			sourceTree = "<group>";
		};
/* End PBXVariantGroup section */

/* Begin XCBuildConfiguration section */
		E0818EEE2A27A07E00103289 /* Debug */ = {
			isa = XCBuildConfiguration;
			buildSettings = {
				ALWAYS_SEARCH_USER_PATHS = NO;
				CLANG_ANALYZER_NONNULL = YES;
				CLANG_ANALYZER_NUMBER_OBJECT_CONVERSION = YES_AGGRESSIVE;
				CLANG_CXX_LANGUAGE_STANDARD = "gnu++17";
				CLANG_ENABLE_MODULES = YES;
				CLANG_ENABLE_OBJC_ARC = YES;
				CLANG_ENABLE_OBJC_WEAK = YES;
				CLANG_WARN_BLOCK_CAPTURE_AUTORELEASING = YES;
				CLANG_WARN_BOOL_CONVERSION = YES;
				CLANG_WARN_COMMA = YES;
				CLANG_WARN_CONSTANT_CONVERSION = YES;
				CLANG_WARN_DEPRECATED_OBJC_IMPLEMENTATIONS = YES;
				CLANG_WARN_DIRECT_OBJC_ISA_USAGE = YES_ERROR;
				CLANG_WARN_DOCUMENTATION_COMMENTS = YES;
				CLANG_WARN_EMPTY_BODY = YES;
				CLANG_WARN_ENUM_CONVERSION = YES;
				CLANG_WARN_INFINITE_RECURSION = YES;
				CLANG_WARN_INT_CONVERSION = YES;
				CLANG_WARN_NON_LITERAL_NULL_CONVERSION = YES;
				CLANG_WARN_OBJC_IMPLICIT_RETAIN_SELF = YES;
				CLANG_WARN_OBJC_LITERAL_CONVERSION = YES;
				CLANG_WARN_OBJC_ROOT_CLASS = YES_ERROR;
				CLANG_WARN_QUOTED_INCLUDE_IN_FRAMEWORK_HEADER = YES;
				CLANG_WARN_RANGE_LOOP_ANALYSIS = YES;
				CLANG_WARN_STRICT_PROTOTYPES = YES;
				CLANG_WARN_SUSPICIOUS_MOVE = YES;
				CLANG_WARN_UNGUARDED_AVAILABILITY = YES_AGGRESSIVE;
				CLANG_WARN_UNREACHABLE_CODE = YES;
				CLANG_WARN__DUPLICATE_METHOD_MATCH = YES;
				COPY_PHASE_STRIP = NO;
				DEBUG_INFORMATION_FORMAT = dwarf;
				ENABLE_STRICT_OBJC_MSGSEND = YES;
				ENABLE_TESTABILITY = YES;
				GCC_C_LANGUAGE_STANDARD = gnu11;
				GCC_DYNAMIC_NO_PIC = NO;
				GCC_NO_COMMON_BLOCKS = YES;
				GCC_OPTIMIZATION_LEVEL = 0;
				GCC_PREPROCESSOR_DEFINITIONS = (
					"DEBUG=1",
					"$(inherited)",
				);
				GCC_WARN_64_TO_32_BIT_CONVERSION = YES;
				GCC_WARN_ABOUT_RETURN_TYPE = YES_ERROR;
				GCC_WARN_UNDECLARED_SELECTOR = YES;
				GCC_WARN_UNINITIALIZED_AUTOS = YES_AGGRESSIVE;
				GCC_WARN_UNUSED_FUNCTION = YES;
				GCC_WARN_UNUSED_VARIABLE = YES;
				IPHONEOS_DEPLOYMENT_TARGET = 15.4;
				MTL_ENABLE_DEBUG_INFO = INCLUDE_SOURCE;
				MTL_FAST_MATH = YES;
				ONLY_ACTIVE_ARCH = YES;
				SDKROOT = iphoneos;
				SWIFT_ACTIVE_COMPILATION_CONDITIONS = DEBUG;
				SWIFT_OPTIMIZATION_LEVEL = "-Onone";
			};
			name = Debug;
		};
		E0818EEF2A27A07E00103289 /* Release */ = {
			isa = XCBuildConfiguration;
			buildSettings = {
				ALWAYS_SEARCH_USER_PATHS = NO;
				CLANG_ANALYZER_NONNULL = YES;
				CLANG_ANALYZER_NUMBER_OBJECT_CONVERSION = YES_AGGRESSIVE;
				CLANG_CXX_LANGUAGE_STANDARD = "gnu++17";
				CLANG_ENABLE_MODULES = YES;
				CLANG_ENABLE_OBJC_ARC = YES;
				CLANG_ENABLE_OBJC_WEAK = YES;
				CLANG_WARN_BLOCK_CAPTURE_AUTORELEASING = YES;
				CLANG_WARN_BOOL_CONVERSION = YES;
				CLANG_WARN_COMMA = YES;
				CLANG_WARN_CONSTANT_CONVERSION = YES;
				CLANG_WARN_DEPRECATED_OBJC_IMPLEMENTATIONS = YES;
				CLANG_WARN_DIRECT_OBJC_ISA_USAGE = YES_ERROR;
				CLANG_WARN_DOCUMENTATION_COMMENTS = YES;
				CLANG_WARN_EMPTY_BODY = YES;
				CLANG_WARN_ENUM_CONVERSION = YES;
				CLANG_WARN_INFINITE_RECURSION = YES;
				CLANG_WARN_INT_CONVERSION = YES;
				CLANG_WARN_NON_LITERAL_NULL_CONVERSION = YES;
				CLANG_WARN_OBJC_IMPLICIT_RETAIN_SELF = YES;
				CLANG_WARN_OBJC_LITERAL_CONVERSION = YES;
				CLANG_WARN_OBJC_ROOT_CLASS = YES_ERROR;
				CLANG_WARN_QUOTED_INCLUDE_IN_FRAMEWORK_HEADER = YES;
				CLANG_WARN_RANGE_LOOP_ANALYSIS = YES;
				CLANG_WARN_STRICT_PROTOTYPES = YES;
				CLANG_WARN_SUSPICIOUS_MOVE = YES;
				CLANG_WARN_UNGUARDED_AVAILABILITY = YES_AGGRESSIVE;
				CLANG_WARN_UNREACHABLE_CODE = YES;
				CLANG_WARN__DUPLICATE_METHOD_MATCH = YES;
				COPY_PHASE_STRIP = NO;
				DEBUG_INFORMATION_FORMAT = "dwarf-with-dsym";
				ENABLE_NS_ASSERTIONS = NO;
				ENABLE_STRICT_OBJC_MSGSEND = YES;
				GCC_C_LANGUAGE_STANDARD = gnu11;
				GCC_NO_COMMON_BLOCKS = YES;
				GCC_WARN_64_TO_32_BIT_CONVERSION = YES;
				GCC_WARN_ABOUT_RETURN_TYPE = YES_ERROR;
				GCC_WARN_UNDECLARED_SELECTOR = YES;
				GCC_WARN_UNINITIALIZED_AUTOS = YES_AGGRESSIVE;
				GCC_WARN_UNUSED_FUNCTION = YES;
				GCC_WARN_UNUSED_VARIABLE = YES;
				IPHONEOS_DEPLOYMENT_TARGET = 15.4;
				MTL_ENABLE_DEBUG_INFO = NO;
				MTL_FAST_MATH = YES;
				SDKROOT = iphoneos;
				SWIFT_COMPILATION_MODE = wholemodule;
				SWIFT_OPTIMIZATION_LEVEL = "-O";
				VALIDATE_PRODUCT = YES;
			};
			name = Release;
		};
		E0818EF12A27A07E00103289 /* Debug */ = {
			isa = XCBuildConfiguration;
			baseConfigurationReference = B402E474A4B5AA5912F13F8C /* Pods-SnapChat.debug.xcconfig */;
			buildSettings = {
				ASSETCATALOG_COMPILER_APPICON_NAME = AppIcon;
				ASSETCATALOG_COMPILER_GLOBAL_ACCENT_COLOR_NAME = AccentColor;
				CODE_SIGN_STYLE = Automatic;
				CURRENT_PROJECT_VERSION = 1;
				GENERATE_INFOPLIST_FILE = YES;
				INFOPLIST_FILE = SnapChat/Info.plist;
				INFOPLIST_KEY_UIApplicationSupportsIndirectInputEvents = YES;
				INFOPLIST_KEY_UILaunchStoryboardName = LaunchScreen;
				INFOPLIST_KEY_UIMainStoryboardFile = Main;
				INFOPLIST_KEY_UISupportedInterfaceOrientations_iPad = "UIInterfaceOrientationPortrait UIInterfaceOrientationPortraitUpsideDown UIInterfaceOrientationLandscapeLeft UIInterfaceOrientationLandscapeRight";
				INFOPLIST_KEY_UISupportedInterfaceOrientations_iPhone = "UIInterfaceOrientationPortrait UIInterfaceOrientationLandscapeLeft UIInterfaceOrientationLandscapeRight";
				LD_RUNPATH_SEARCH_PATHS = (
					"$(inherited)",
					"@executable_path/Frameworks",
				);
				MARKETING_VERSION = 1.0;
				PRODUCT_BUNDLE_IDENTIFIER = empresa.SnapChat;
				PRODUCT_NAME = "$(TARGET_NAME)";
				SWIFT_EMIT_LOC_STRINGS = YES;
				SWIFT_VERSION = 5.0;
				TARGETED_DEVICE_FAMILY = "1,2";
			};
			name = Debug;
		};
		E0818EF22A27A07E00103289 /* Release */ = {
			isa = XCBuildConfiguration;
			baseConfigurationReference = 12633D2D687E15743731B6EC /* Pods-SnapChat.release.xcconfig */;
			buildSettings = {
				ASSETCATALOG_COMPILER_APPICON_NAME = AppIcon;
				ASSETCATALOG_COMPILER_GLOBAL_ACCENT_COLOR_NAME = AccentColor;
				CODE_SIGN_STYLE = Automatic;
				CURRENT_PROJECT_VERSION = 1;
				GENERATE_INFOPLIST_FILE = YES;
				INFOPLIST_FILE = SnapChat/Info.plist;
				INFOPLIST_KEY_UIApplicationSupportsIndirectInputEvents = YES;
				INFOPLIST_KEY_UILaunchStoryboardName = LaunchScreen;
				INFOPLIST_KEY_UIMainStoryboardFile = Main;
				INFOPLIST_KEY_UISupportedInterfaceOrientations_iPad = "UIInterfaceOrientationPortrait UIInterfaceOrientationPortraitUpsideDown UIInterfaceOrientationLandscapeLeft UIInterfaceOrientationLandscapeRight";
				INFOPLIST_KEY_UISupportedInterfaceOrientations_iPhone = "UIInterfaceOrientationPortrait UIInterfaceOrientationLandscapeLeft UIInterfaceOrientationLandscapeRight";
				LD_RUNPATH_SEARCH_PATHS = (
					"$(inherited)",
					"@executable_path/Frameworks",
				);
				MARKETING_VERSION = 1.0;
				PRODUCT_BUNDLE_IDENTIFIER = empresa.SnapChat;
				PRODUCT_NAME = "$(TARGET_NAME)";
				SWIFT_EMIT_LOC_STRINGS = YES;
				SWIFT_VERSION = 5.0;
				TARGETED_DEVICE_FAMILY = "1,2";
			};
			name = Release;
		};
/* End XCBuildConfiguration section */

/* Begin XCConfigurationList section */
		E0818ED72A27A07A00103289 /* Build configuration list for PBXProject "SnapChat" */ = {
			isa = XCConfigurationList;
			buildConfigurations = (
				E0818EEE2A27A07E00103289 /* Debug */,
				E0818EEF2A27A07E00103289 /* Release */,
			);
			defaultConfigurationIsVisible = 0;
			defaultConfigurationName = Release;
		};
		E0818EF02A27A07E00103289 /* Build configuration list for PBXNativeTarget "SnapChat" */ = {
			isa = XCConfigurationList;
			buildConfigurations = (
				E0818EF12A27A07E00103289 /* Debug */,
				E0818EF22A27A07E00103289 /* Release */,
			);
			defaultConfigurationIsVisible = 0;
			defaultConfigurationName = Release;
		};
/* End XCConfigurationList section */
	};
	rootObject = E0818ED42A27A07A00103289 /* Project object */;
}
